
Microsoft Visual Studio Solution File, Format Version 12.00
# Visual Studio Version 17
VisualStudioVersion = 17.4.33205.214
MinimumVisualStudioVersion = 10.0.40219.1
Project("{FAE04EC0-301F-11D3-BF4B-00C04F79EFBC}") = "UC-3_Implement Search method", "UC-3_Implement Search method.csproj", "{A788DF43-FF05-4C37-BFBE-BADC41556CDF}"
EndProject
Global
	GlobalSection(SolutionConfigurationPlatforms) = preSolution
		Debug|Any CPU = Debug|Any CPU
		Release|Any CPU = Release|Any CPU
	EndGlobalSection
	GlobalSection(ProjectConfigurationPlatforms) = postSolution
		{A788DF43-FF05-4C37-BFBE-BADC41556CDF}.Debug|Any CPU.ActiveCfg = Debug|Any CPU
		{A788DF43-FF05-4C37-BFBE-BADC41556CDF}.Debug|Any CPU.Build.0 = Debug|Any CPU
		{A788DF43-FF05-4C37-BFBE-BADC41556CDF}.Release|Any CPU.ActiveCfg = Release|Any CPU
		{A788DF43-FF05-4C37-BFBE-BADC41556CDF}.Release|Any CPU.Build.0 = Release|Any CPU
	EndGlobalSection
	GlobalSection(SolutionProperties) = preSolution
		HideSolutionNode = FALSE
	EndGlobalSection
	GlobalSection(ExtensibilityGlobals) = postSolution
		SolutionGuid = {5AE0B45D-BCEF-4F78-96DF-044CFD131186}
	EndGlobalSection
EndGlobal
